{
  "nodes": {
    "nixpkgs": {
      "locked": {
        "lastModified": 1773821835,
        "narHash": "sha256-TJ3lSQtW0E2JrznGVm8hOQGVpXjJyXY2guAxku2O9A4=",
        "owner": "nixos",
        "repo": "nixpkgs",
        "rev": "b40629efe5d6ec48dd1efba650c797ddbd39ace0",
        "type": "github"
      },
      "original": {
        "owner": "nixos",
        "ref": "nixos-unstable",
        "repo": "nixpkgs",
        "type": "github"
      }
    },
    "root": {
      "inputs": {
        "nixpkgs": "nixpkgs",
        "scroll-git": "scroll-git",
        "scroll-stable": "scroll-stable"
      }
    },
    "scroll-git": {
      "flake": false,
      "locked": {
        "lastModified": 1774051318,
        "narHash": "sha256-sow2WDc+v9Wxli2EChaxNExdG6RfLuMlcJQjELmx+Kc=",
        "ref": "master",
        "rev": "cb0021be0fda7212b66dfff357b251a9d1d1bf08",
        "revCount": 8247,
        "type": "git",
        "url": "https://github.com/dawsers/scroll"
      },
      "original": {
        "ref": "master",
        "type": "git",
        "url": "https://github.com/dawsers/scroll"
      }
    },
    "scroll-stable": {
      "flake": false,
      "locked": {
        "lastModified": 1771347627,
        "narHash": "sha256-fhNC5i9ZHvXWKQY+zDRHr7QovmquU0eLI8/QY3euBnc=",
        "ref": "refs/tags/1.12.5",
        "rev": "f265ef29ef3752299f2ef19c154ef1b908515914",
        "revCount": 8164,
        "type": "git",
        "url": "https://github.com/dawsers/scroll"
      },
      "original": {
        "ref": "refs/tags/1.12.5",
        "type": "git",
        "url": "https://github.com/dawsers/scroll"
      }
    }
  },
  "root": "root",
  "version": 7
}
